// !$*UTF8*$!
{
	archiveVersion = 1;
	classes = {
	};
	objectVersion = 48;
	objects = {

/* Begin PBXBuildFile section */
		2BC05CE520547AD6001EF7B0 /* AppDelegate.swift in Sources */ = {isa = PBXBuildFile; fileRef = 2BC05CE420547AD6001EF7B0 /* AppDelegate.swift */; };
		2BC05CE720547AD6001EF7B0 /* NewCheckInViewController.swift in Sources */ = {isa = PBXBuildFile; fileRef = 2BC05CE620547AD6001EF7B0 /* NewCheckInViewController.swift */; };
		2BC05CEA20547AD6001EF7B0 /* Main.storyboard in Resources */ = {isa = PBXBuildFile; fileRef = 2BC05CE820547AD6001EF7B0 /* Main.storyboard */; };
		2BC05CEC20547AD6001EF7B0 /* Assets.xcassets in Resources */ = {isa = PBXBuildFile; fileRef = 2BC05CEB20547AD6001EF7B0 /* Assets.xcassets */; };
		2BC05CEF20547AD6001EF7B0 /* LaunchScreen.storyboard in Resources */ = {isa = PBXBuildFile; fileRef = 2BC05CED20547AD6001EF7B0 /* LaunchScreen.storyboard */; };
		2BC05CF92054A9F1001EF7B0 /* NotificationsViewController.swift in Sources */ = {isa = PBXBuildFile; fileRef = 2BC05CF82054A9F1001EF7B0 /* NotificationsViewController.swift */; };
		2BC05CFD2054AB5C001EF7B0 /* NotificationsTableViewCell.swift in Sources */ = {isa = PBXBuildFile; fileRef = 2BC05CFC2054AB5C001EF7B0 /* NotificationsTableViewCell.swift */; };
		2BC05CFF2054AC22001EF7B0 /* Notification.swift in Sources */ = {isa = PBXBuildFile; fileRef = 2BC05CFE2054AC22001EF7B0 /* Notification.swift */; };
		2BC05D012054ADC8001EF7B0 /* GoogleService-Info.plist in Resources */ = {isa = PBXBuildFile; fileRef = 2BC05D002054ADC8001EF7B0 /* GoogleService-Info.plist */; };
		80C22F2160524C970F44FD90 /* Pods_FamilyCheckIn.framework in Frameworks */ = {isa = PBXBuildFile; fileRef = DFE4605089813D50D6BEA2A1 /* Pods_FamilyCheckIn.framework */; };
/* End PBXBuildFile section */

/* Begin PBXFileReference section */
		0807C22C679CA90A6557D2C8 /* Pods-FamilyCheckIn.release.xcconfig */ = {isa = PBXFileReference; includeInIndex = 1; lastKnownFileType = text.xcconfig; name = "Pods-FamilyCheckIn.release.xcconfig"; path = "Pods/Target Support Files/Pods-FamilyCheckIn/Pods-FamilyCheckIn.release.xcconfig"; sourceTree = "<group>"; };
		2BC05CE120547AD6001EF7B0 /* FamilyCheckIn.app */ = {isa = PBXFileReference; explicitFileType = wrapper.application; includeInIndex = 0; path = FamilyCheckIn.app; sourceTree = BUILT_PRODUCTS_DIR; };
		2BC05CE420547AD6001EF7B0 /* AppDelegate.swift */ = {isa = PBXFileReference; lastKnownFileType = sourcecode.swift; path = AppDelegate.swift; sourceTree = "<group>"; };
		2BC05CE620547AD6001EF7B0 /* NewCheckInViewController.swift */ = {isa = PBXFileReference; lastKnownFileType = sourcecode.swift; path = NewCheckInViewController.swift; sourceTree = "<group>"; };
		2BC05CE920547AD6001EF7B0 /* Base */ = {isa = PBXFileReference; lastKnownFileType = file.storyboard; name = Base; path = Base.lproj/Main.storyboard; sourceTree = "<group>"; };
		2BC05CEB20547AD6001EF7B0 /* Assets.xcassets */ = {isa = PBXFileReference; lastKnownFileType = folder.assetcatalog; path = Assets.xcassets; sourceTree = "<group>"; };
		2BC05CEE20547AD6001EF7B0 /* Base */ = {isa = PBXFileReference; lastKnownFileType = file.storyboard; name = Base; path = Base.lproj/LaunchScreen.storyboard; sourceTree = "<group>"; };
		2BC05CF020547AD6001EF7B0 /* Info.plist */ = {isa = PBXFileReference; lastKnownFileType = text.plist.xml; path = Info.plist; sourceTree = "<group>"; };
		2BC05CF82054A9F1001EF7B0 /* NotificationsViewController.swift */ = {isa = PBXFileReference; lastKnownFileType = sourcecode.swift; path = NotificationsViewController.swift; sourceTree = "<group>"; };
		2BC05CFC2054AB5C001EF7B0 /* NotificationsTableViewCell.swift */ = {isa = PBXFileReference; lastKnownFileType = sourcecode.swift; path = NotificationsTableViewCell.swift; sourceTree = "<group>"; };
		2BC05CFE2054AC22001EF7B0 /* Notification.swift */ = {isa = PBXFileReference; lastKnownFileType = sourcecode.swift; path = Notification.swift; sourceTree = "<group>"; };
		2BC05D002054ADC8001EF7B0 /* GoogleService-Info.plist */ = {isa = PBXFileReference; fileEncoding = 4; lastKnownFileType = text.plist.xml; path = "GoogleService-Info.plist"; sourceTree = "<group>"; };
		450525940F538F7380E4A213 /* Pods-FamilyCheckIn.debug.xcconfig */ = {isa = PBXFileReference; includeInIndex = 1; lastKnownFileType = text.xcconfig; name = "Pods-FamilyCheckIn.debug.xcconfig"; path = "Pods/Target Support Files/Pods-FamilyCheckIn/Pods-FamilyCheckIn.debug.xcconfig"; sourceTree = "<group>"; };
		DFE4605089813D50D6BEA2A1 /* Pods_FamilyCheckIn.framework */ = {isa = PBXFileReference; explicitFileType = wrapper.framework; includeInIndex = 0; path = Pods_FamilyCheckIn.framework; sourceTree = BUILT_PRODUCTS_DIR; };
/* End PBXFileReference section */

/* Begin PBXFrameworksBuildPhase section */
		2BC05CDE20547AD5001EF7B0 /* Frameworks */ = {
			isa = PBXFrameworksBuildPhase;
			buildActionMask = 2147483647;
			files = (
				80C22F2160524C970F44FD90 /* Pods_FamilyCheckIn.framework in Frameworks */,
			);
			runOnlyForDeploymentPostprocessing = 0;
		};
/* End PBXFrameworksBuildPhase section */

/* Begin PBXGroup section */
		2BC05CD820547AD5001EF7B0 = {
			isa = PBXGroup;
			children = (
				2BC05CE320547AD6001EF7B0 /* FamilyCheckIn */,
				2BC05CE220547AD6001EF7B0 /* Products */,
				D61B4A7DA9EFA60811AC4807 /* Pods */,
				832956192456804C3D79BC30 /* Frameworks */,
			);
			sourceTree = "<group>";
		};
		2BC05CE220547AD6001EF7B0 /* Products */ = {
			isa = PBXGroup;
			children = (
				2BC05CE120547AD6001EF7B0 /* FamilyCheckIn.app */,
			);
			name = Products;
			sourceTree = "<group>";
		};
		2BC05CE320547AD6001EF7B0 /* FamilyCheckIn */ = {
			isa = PBXGroup;
			children = (
				2BC05CFA2054AB28001EF7B0 /* ViewControllers */,
				2BC05CFB2054AB3F001EF7B0 /* Models */,
				2BC05CE420547AD6001EF7B0 /* AppDelegate.swift */,
				2BC05CE820547AD6001EF7B0 /* Main.storyboard */,
				2BC05CEB20547AD6001EF7B0 /* Assets.xcassets */,
				2BC05CED20547AD6001EF7B0 /* LaunchScreen.storyboard */,
				2BC05CF020547AD6001EF7B0 /* Info.plist */,
				2BC05D002054ADC8001EF7B0 /* GoogleService-Info.plist */,
			);
			path = FamilyCheckIn;
			sourceTree = "<group>";
		};
		2BC05CFA2054AB28001EF7B0 /* ViewControllers */ = {
			isa = PBXGroup;
			children = (
				2BC05CE620547AD6001EF7B0 /* NewCheckInViewController.swift */,
				2BC05CF82054A9F1001EF7B0 /* NotificationsViewController.swift */,
			);
			path = ViewControllers;
			sourceTree = "<group>";
		};
		2BC05CFB2054AB3F001EF7B0 /* Models */ = {
			isa = PBXGroup;
			children = (
				2BC05CFC2054AB5C001EF7B0 /* NotificationsTableViewCell.swift */,
				2BC05CFE2054AC22001EF7B0 /* Notification.swift */,
			);
			path = Models;
			sourceTree = "<group>";
		};
		832956192456804C3D79BC30 /* Frameworks */ = {
			isa = PBXGroup;
			children = (
				DFE4605089813D50D6BEA2A1 /* Pods_FamilyCheckIn.framework */,
			);
			name = Frameworks;
			sourceTree = "<group>";
		};
		D61B4A7DA9EFA60811AC4807 /* Pods */ = {
			isa = PBXGroup;
			children = (
				450525940F538F7380E4A213 /* Pods-FamilyCheckIn.debug.xcconfig */,
				0807C22C679CA90A6557D2C8 /* Pods-FamilyCheckIn.release.xcconfig */,
			);
			name = Pods;
			sourceTree = "<group>";
		};
/* End PBXGroup section */

/* Begin PBXNativeTarget section */
		2BC05CE020547AD5001EF7B0 /* FamilyCheckIn */ = {
			isa = PBXNativeTarget;
			buildConfigurationList = 2BC05CF320547AD6001EF7B0 /* Build configuration list for PBXNativeTarget "FamilyCheckIn" */;
			buildPhases = (
				7E2CFB1B653023808FF2A8F8 /* [CP] Check Pods Manifest.lock */,
				2BC05CDD20547AD5001EF7B0 /* Sources */,
				2BC05CDE20547AD5001EF7B0 /* Frameworks */,
				2BC05CDF20547AD5001EF7B0 /* Resources */,
				2761A279929D0103B9B01A0B /* [CP] Embed Pods Frameworks */,
				0003FE570D5F0A6CFA8B4953 /* [CP] Copy Pods Resources */,
			);
			buildRules = (
			);
			dependencies = (
			);
			name = FamilyCheckIn;
			productName = FamilyCheckIn;
			productReference = 2BC05CE120547AD6001EF7B0 /* FamilyCheckIn.app */;
			productType = "com.apple.product-type.application";
		};
/* End PBXNativeTarget section */

/* Begin PBXProject section */
		2BC05CD920547AD5001EF7B0 /* Project object */ = {
			isa = PBXProject;
			attributes = {
				LastSwiftUpdateCheck = 0920;
				LastUpgradeCheck = 0920;
				ORGANIZATIONNAME = MenloHacks;
				TargetAttributes = {
					2BC05CE020547AD5001EF7B0 = {
						CreatedOnToolsVersion = 9.2;
						ProvisioningStyle = Automatic;
					};
				};
			};
			buildConfigurationList = 2BC05CDC20547AD5001EF7B0 /* Build configuration list for PBXProject "FamilyCheckIn" */;
			compatibilityVersion = "Xcode 8.0";
			developmentRegion = en;
			hasScannedForEncodings = 0;
			knownRegions = (
				en,
				Base,
			);
			mainGroup = 2BC05CD820547AD5001EF7B0;
			productRefGroup = 2BC05CE220547AD6001EF7B0 /* Products */;
			projectDirPath = "";
			projectRoot = "";
			targets = (
				2BC05CE020547AD5001EF7B0 /* FamilyCheckIn */,
			);
		};
/* End PBXProject section */

/* Begin PBXResourcesBuildPhase section */
		2BC05CDF20547AD5001EF7B0 /* Resources */ = {
			isa = PBXResourcesBuildPhase;
			buildActionMask = 2147483647;
			files = (
				2BC05CEF20547AD6001EF7B0 /* LaunchScreen.storyboard in Resources */,
				2BC05D012054ADC8001EF7B0 /* GoogleService-Info.plist in Resources */,
				2BC05CEC20547AD6001EF7B0 /* Assets.xcassets in Resources */,
				2BC05CEA20547AD6001EF7B0 /* Main.storyboard in Resources */,
			);
			runOnlyForDeploymentPostprocessing = 0;
		};
/* End PBXResourcesBuildPhase section */

/* Begin PBXShellScriptBuildPhase section */
		0003FE570D5F0A6CFA8B4953 /* [CP] Copy Pods Resources */ = {
			isa = PBXShellScriptBuildPhase;
			buildActionMask = 2147483647;
			files = (
			);
			inputPaths = (
			);
			name = "[CP] Copy Pods Resources";
			outputPaths = (
			);
			runOnlyForDeploymentPostprocessing = 0;
			shellPath = /bin/sh;
			shellScript = "\"${SRCROOT}/Pods/Target Support Files/Pods-FamilyCheckIn/Pods-FamilyCheckIn-resources.sh\"\n";
			showEnvVarsInLog = 0;
		};
		2761A279929D0103B9B01A0B /* [CP] Embed Pods Frameworks */ = {
			isa = PBXShellScriptBuildPhase;
			buildActionMask = 2147483647;
			files = (
			);
			inputPaths = (
				"${SRCROOT}/Pods/Target Support Files/Pods-FamilyCheckIn/Pods-FamilyCheckIn-frameworks.sh",
				"${BUILT_PRODUCTS_DIR}/GTMSessionFetcher/GTMSessionFetcher.framework",
				"${BUILT_PRODUCTS_DIR}/GoogleToolboxForMac/GoogleToolboxForMac.framework",
				"${BUILT_PRODUCTS_DIR}/leveldb-library/leveldb.framework",
				"${BUILT_PRODUCTS_DIR}/nanopb/nanopb.framework",
			);
			name = "[CP] Embed Pods Frameworks";
			outputPaths = (
				"${TARGET_BUILD_DIR}/${FRAMEWORKS_FOLDER_PATH}/GTMSessionFetcher.framework",
				"${TARGET_BUILD_DIR}/${FRAMEWORKS_FOLDER_PATH}/GoogleToolboxForMac.framework",
				"${TARGET_BUILD_DIR}/${FRAMEWORKS_FOLDER_PATH}/leveldb.framework",
				"${TARGET_BUILD_DIR}/${FRAMEWORKS_FOLDER_PATH}/nanopb.framework",
			);
			runOnlyForDeploymentPostprocessing = 0;
			shellPath = /bin/sh;
			shellScript = "\"${SRCROOT}/Pods/Target Support Files/Pods-FamilyCheckIn/Pods-FamilyCheckIn-frameworks.sh\"\n";
			showEnvVarsInLog = 0;
		};
		7E2CFB1B653023808FF2A8F8 /* [CP] Check Pods Manifest.lock */ = {
			isa = PBXShellScriptBuildPhase;
			buildActionMask = 2147483647;
			files = (
			);
			inputPaths = (
				"${PODS_PODFILE_DIR_PATH}/Podfile.lock",
				"${PODS_ROOT}/Manifest.lock",
			);
			name = "[CP] Check Pods Manifest.lock";
			outputPaths = (
				"$(DERIVED_FILE_DIR)/Pods-FamilyCheckIn-checkManifestLockResult.txt",
			);
			runOnlyForDeploymentPostprocessing = 0;
			shellPath = /bin/sh;
			shellScript = "diff \"${PODS_PODFILE_DIR_PATH}/Podfile.lock\" \"${PODS_ROOT}/Manifest.lock\" > /dev/null\nif [ $? != 0 ] ; then\n    # print error to STDERR\n    echo \"error: The sandbox is not in sync with the Podfile.lock. Run 'pod install' or update your CocoaPods installation.\" >&2\n    exit 1\nfi\n# This output is used by Xcode 'outputs' to avoid re-running this script phase.\necho \"SUCCESS\" > \"${SCRIPT_OUTPUT_FILE_0}\"\n";
			showEnvVarsInLog = 0;
		};
/* End PBXShellScriptBuildPhase section */

/* Begin PBXSourcesBuildPhase section */
		2BC05CDD20547AD5001EF7B0 /* Sources */ = {
			isa = PBXSourcesBuildPhase;
			buildActionMask = 2147483647;
			files = (
				2BC05CFD2054AB5C001EF7B0 /* NotificationsTableViewCell.swift in Sources */,
				2BC05CFF2054AC22001EF7B0 /* Notification.swift in Sources */,
				2BC05CE720547AD6001EF7B0 /* NewCheckInViewController.swift in Sources */,
				2BC05CE520547AD6001EF7B0 /* AppDelegate.swift in Sources */,
				2BC05CF92054A9F1001EF7B0 /* NotificationsViewController.swift in Sources */,
			);
			runOnlyForDeploymentPostprocessing = 0;
		};
/* End PBXSourcesBuildPhase section */

/* Begin PBXVariantGroup section */
		2BC05CE820547AD6001EF7B0 /* Main.storyboard */ = {
			isa = PBXVariantGroup;
			children = (
				2BC05CE920547AD6001EF7B0 /* Base */,
			);
			name = Main.storyboard;
			sourceTree = "<group>";
		};
		2BC05CED20547AD6001EF7B0 /* LaunchScreen.storyboard */ = {
			isa = PBXVariantGroup;
			children = (
				2BC05CEE20547AD6001EF7B0 /* Base */,
			);
			name = LaunchScreen.storyboard;
			sourceTree = "<group>";
		};
/* End PBXVariantGroup section */

/* Begin XCBuildConfiguration section */
		2BC05CF120547AD6001EF7B0 /* Debug */ = {
			isa = XCBuildConfiguration;
			buildSettings = {
				ALWAYS_SEARCH_USER_PATHS = NO;
				CLANG_ANALYZER_NONNULL = YES;
				CLANG_ANALYZER_NUMBER_OBJECT_CONVERSION = YES_AGGRESSIVE;
				CLANG_CXX_LANGUAGE_STANDARD = "gnu++14";
				CLANG_CXX_LIBRARY = "libc++";
				CLANG_ENABLE_MODULES = YES;
				CLANG_ENABLE_OBJC_ARC = YES;
				CLANG_WARN_BLOCK_CAPTURE_AUTORELEASING = YES;
				CLANG_WARN_BOOL_CONVERSION = YES;
				CLANG_WARN_COMMA = YES;
				CLANG_WARN_CONSTANT_CONVERSION = YES;
				CLANG_WARN_DIRECT_OBJC_ISA_USAGE = YES_ERROR;
				CLANG_WARN_DOCUMENTATION_COMMENTS = YES;
				CLANG_WARN_EMPTY_BODY = YES;
				CLANG_WARN_ENUM_CONVERSION = YES;
				CLANG_WARN_INFINITE_RECURSION = YES;
				CLANG_WARN_INT_CONVERSION = YES;
				CLANG_WARN_NON_LITERAL_NULL_CONVERSION = YES;
				CLANG_WARN_OBJC_LITERAL_CONVERSION = YES;
				CLANG_WARN_OBJC_ROOT_CLASS = YES_ERROR;
				CLANG_WARN_RANGE_LOOP_ANALYSIS = YES;
				CLANG_WARN_STRICT_PROTOTYPES = YES;
				CLANG_WARN_SUSPICIOUS_MOVE = YES;
				CLANG_WARN_UNGUARDED_AVAILABILITY = YES_AGGRESSIVE;
				CLANG_WARN_UNREACHABLE_CODE = YES;
				CLANG_WARN__DUPLICATE_METHOD_MATCH = YES;
				CODE_SIGN_IDENTITY = "iPhone Developer";
				COPY_PHASE_STRIP = NO;
				DEBUG_INFORMATION_FORMAT = dwarf;
				ENABLE_STRICT_OBJC_MSGSEND = YES;
				ENABLE_TESTABILITY = YES;
				GCC_C_LANGUAGE_STANDARD = gnu11;
				GCC_DYNAMIC_NO_PIC = NO;
				GCC_NO_COMMON_BLOCKS = YES;
				GCC_OPTIMIZATION_LEVEL = 0;
				GCC_PREPROCESSOR_DEFINITIONS = (
					"DEBUG=1",
					"$(inherited)",
				);
				GCC_WARN_64_TO_32_BIT_CONVERSION = YES;
				GCC_WARN_ABOUT_RETURN_TYPE = YES_ERROR;
				GCC_WARN_UNDECLARED_SELECTOR = YES;
				GCC_WARN_UNINITIALIZED_AUTOS = YES_AGGRESSIVE;
				GCC_WARN_UNUSED_FUNCTION = YES;
				GCC_WARN_UNUSED_VARIABLE = YES;
				IPHONEOS_DEPLOYMENT_TARGET = 11.2;
				MTL_ENABLE_DEBUG_INFO = YES;
				ONLY_ACTIVE_ARCH = YES;
				SDKROOT = iphoneos;
				SWIFT_ACTIVE_COMPILATION_CONDITIONS = DEBUG;
				SWIFT_OPTIMIZATION_LEVEL = "-Onone";
			};
			name = Debug;
		};
		2BC05CF220547AD6001EF7B0 /* Release */ = {
			isa = XCBuildConfiguration;
			buildSettings = {
				ALWAYS_SEARCH_USER_PATHS = NO;
				CLANG_ANALYZER_NONNULL = YES;
				CLANG_ANALYZER_NUMBER_OBJECT_CONVERSION = YES_AGGRESSIVE;
				CLANG_CXX_LANGUAGE_STANDARD = "gnu++14";
				CLANG_CXX_LIBRARY = "libc++";
				CLANG_ENABLE_MODULES = YES;
				CLANG_ENABLE_OBJC_ARC = YES;
				CLANG_WARN_BLOCK_CAPTURE_AUTORELEASING = YES;
				CLANG_WARN_BOOL_CONVERSION = YES;
				CLANG_WARN_COMMA = YES;
				CLANG_WARN_CONSTANT_CONVERSION = YES;
				CLANG_WARN_DIRECT_OBJC_ISA_USAGE = YES_ERROR;
				CLANG_WARN_DOCUMENTATION_COMMENTS = YES;
				CLANG_WARN_EMPTY_BODY = YES;
				CLANG_WARN_ENUM_CONVERSION = YES;
				CLANG_WARN_INFINITE_RECURSION = YES;
				CLANG_WARN_INT_CONVERSION = YES;
				CLANG_WARN_NON_LITERAL_NULL_CONVERSION = YES;
				CLANG_WARN_OBJC_LITERAL_CONVERSION = YES;
				CLANG_WARN_OBJC_ROOT_CLASS = YES_ERROR;
				CLANG_WARN_RANGE_LOOP_ANALYSIS = YES;
				CLANG_WARN_STRICT_PROTOTYPES = YES;
				CLANG_WARN_SUSPICIOUS_MOVE = YES;
				CLANG_WARN_UNGUARDED_AVAILABILITY = YES_AGGRESSIVE;
				CLANG_WARN_UNREACHABLE_CODE = YES;
				CLANG_WARN__DUPLICATE_METHOD_MATCH = YES;
				CODE_SIGN_IDENTITY = "iPhone Developer";
				COPY_PHASE_STRIP = NO;
				DEBUG_INFORMATION_FORMAT = "dwarf-with-dsym";
				ENABLE_NS_ASSERTIONS = NO;
				ENABLE_STRICT_OBJC_MSGSEND = YES;
				GCC_C_LANGUAGE_STANDARD = gnu11;
				GCC_NO_COMMON_BLOCKS = YES;
				GCC_WARN_64_TO_32_BIT_CONVERSION = YES;
				GCC_WARN_ABOUT_RETURN_TYPE = YES_ERROR;
				GCC_WARN_UNDECLARED_SELECTOR = YES;
				GCC_WARN_UNINITIALIZED_AUTOS = YES_AGGRESSIVE;
				GCC_WARN_UNUSED_FUNCTION = YES;
				GCC_WARN_UNUSED_VARIABLE = YES;
				IPHONEOS_DEPLOYMENT_TARGET = 11.2;
				MTL_ENABLE_DEBUG_INFO = NO;
				SDKROOT = iphoneos;
				SWIFT_OPTIMIZATION_LEVEL = "-Owholemodule";
				VALIDATE_PRODUCT = YES;
			};
			name = Release;
		};
		2BC05CF420547AD6001EF7B0 /* Debug */ = {
			isa = XCBuildConfiguration;
			baseConfigurationReference = 450525940F538F7380E4A213 /* Pods-FamilyCheckIn.debug.xcconfig */;
			buildSettings = {
				ASSETCATALOG_COMPILER_APPICON_NAME = AppIcon;
				CODE_SIGN_STYLE = Automatic;
				INFOPLIST_FILE = FamilyCheckIn/Info.plist;
				LD_RUNPATH_SEARCH_PATHS = "$(inherited) @executable_path/Frameworks";
				PRODUCT_BUNDLE_IDENTIFIER = com.menlohacks.FamilyCheckIn;
				PRODUCT_NAME = "$(TARGET_NAME)";
				SWIFT_VERSION = 4.0;
				TARGETED_DEVICE_FAMILY = "1,2";
			};
			name = Debug;
		};
		2BC05CF520547AD6001EF7B0 /* Release */ = {
			isa = XCBuildConfiguration;
			baseConfigurationReference = 0807C22C679CA90A6557D2C8 /* Pods-FamilyCheckIn.release.xcconfig */;
			buildSettings = {
				ASSETCATALOG_COMPILER_APPICON_NAME = AppIcon;
				CODE_SIGN_STYLE = Automatic;
				INFOPLIST_FILE = FamilyCheckIn/Info.plist;
				LD_RUNPATH_SEARCH_PATHS = "$(inherited) @executable_path/Frameworks";
				PRODUCT_BUNDLE_IDENTIFIER = com.menlohacks.FamilyCheckIn;
				PRODUCT_NAME = "$(TARGET_NAME)";
				SWIFT_VERSION = 4.0;
				TARGETED_DEVICE_FAMILY = "1,2";
			};
			name = Release;
		};
/* End XCBuildConfiguration section */

/* Begin XCConfigurationList section */
		2BC05CDC20547AD5001EF7B0 /* Build configuration list for PBXProject "FamilyCheckIn" */ = {
			isa = XCConfigurationList;
			buildConfigurations = (
				2BC05CF120547AD6001EF7B0 /* Debug */,
				2BC05CF220547AD6001EF7B0 /* Release */,
			);
			defaultConfigurationIsVisible = 0;
			defaultConfigurationName = Release;
		};
		2BC05CF320547AD6001EF7B0 /* Build configuration list for PBXNativeTarget "FamilyCheckIn" */ = {
			isa = XCConfigurationList;
			buildConfigurations = (
				2BC05CF420547AD6001EF7B0 /* Debug */,
				2BC05CF520547AD6001EF7B0 /* Release */,
			);
			defaultConfigurationIsVisible = 0;
			defaultConfigurationName = Release;
		};
/* End XCConfigurationList section */
	};
	rootObject = 2BC05CD920547AD5001EF7B0 /* Project object */;
}
